<?xml version="1.0" encoding="utf-8"?>
<Project ToolsVersion="4.0" xmlns="http://schemas.microsoft.com/developer/msbuild/2003">
  <ItemGroup>
    <ClInclude Include="EngineWindow.h">
      <Filter>Window</Filter>
    </ClInclude>
    <ClInclude Include="PreCompiledFile.h">
      <Filter>PreCompiledFile</Filter>
    </ClInclude>
    <ClInclude Include="EngineInput.h">
      <Filter>Input</Filter>
    </ClInclude>
    <ClInclude Include="EngineWinImage.h" />
    <ClInclude Include="EngineWinDebug.h" />
    <ClInclude Include="ThirdParty\fmod\Inc\fmod.h">
      <Filter>ThirdParty\fmod\Inc</Filter>
    </ClInclude>
    <ClInclude Include="ThirdParty\fmod\Inc\fmod.hpp">
      <Filter>ThirdParty\fmod\Inc</Filter>
    </ClInclude>
    <ClInclude Include="ThirdParty\fmod\Inc\fmod_codec.h">
      <Filter>ThirdParty\fmod\Inc</Filter>
    </ClInclude>
    <ClInclude Include="ThirdParty\fmod\Inc\fmod_common.h">
      <Filter>ThirdParty\fmod\Inc</Filter>
    </ClInclude>
    <ClInclude Include="ThirdParty\fmod\Inc\fmod_dsp.h">
      <Filter>ThirdParty\fmod\Inc</Filter>
    </ClInclude>
    <ClInclude Include="ThirdParty\fmod\Inc\fmod_dsp_effects.h">
      <Filter>ThirdParty\fmod\Inc</Filter>
    </ClInclude>
    <ClInclude Include="ThirdParty\fmod\Inc\fmod_errors.h">
      <Filter>ThirdParty\fmod\Inc</Filter>
    </ClInclude>
    <ClInclude Include="ThirdParty\fmod\Inc\fmod_output.h">
      <Filter>ThirdParty\fmod\Inc</Filter>
    </ClInclude>
  </ItemGroup>
  <ItemGroup>
    <ClCompile Include="EngineWindow.cpp">
      <Filter>Window</Filter>
    </ClCompile>
    <ClCompile Include="PreCompiledFile.cpp">
      <Filter>PreCompiledFile</Filter>
    </ClCompile>
    <ClCompile Include="EngineInput.cpp">
      <Filter>Input</Filter>
    </ClCompile>
    <ClCompile Include="EngineWinImage.cpp" />
    <ClCompile Include="EngineWinDebug.cpp" />
  </ItemGroup>
  <ItemGroup>
    <Filter Include="Window">
      <UniqueIdentifier>{1f425b60-e78b-4ee0-99e7-5d594f8cdefb}</UniqueIdentifier>
    </Filter>
    <Filter Include="PreCompiledFile">
      <UniqueIdentifier>{fb4fe314-7e69-44fe-b79c-94907496bb0f}</UniqueIdentifier>
    </Filter>
    <Filter Include="Input">
      <UniqueIdentifier>{bcd0d7d8-78aa-42fc-9e23-2c8f9522c559}</UniqueIdentifier>
    </Filter>
    <Filter Include="ThirdParty">
      <UniqueIdentifier>{c64c1593-7bc1-4447-930a-49b85bc7f202}</UniqueIdentifier>
    </Filter>
    <Filter Include="ThirdParty\fmod">
      <UniqueIdentifier>{b74c58a5-67ee-417f-84f3-a743d9271d91}</UniqueIdentifier>
    </Filter>
    <Filter Include="ThirdParty\fmod\Bin">
      <UniqueIdentifier>{7018e4a7-3158-457a-823f-75c061e87bd3}</UniqueIdentifier>
    </Filter>
    <Filter Include="ThirdParty\fmod\Inc">
      <UniqueIdentifier>{1abc50a6-cf70-4dc7-8955-a0ccbc661f5e}</UniqueIdentifier>
    </Filter>
    <Filter Include="ThirdParty\fmod\Bin\Debug">
      <UniqueIdentifier>{6c03dec6-243b-474a-ae13-c2af9830b778}</UniqueIdentifier>
    </Filter>
    <Filter Include="ThirdParty\fmod\Bin\Release">
      <UniqueIdentifier>{c5f0e3c2-c1fb-4ed6-8be4-4eeb96807c1a}</UniqueIdentifier>
    </Filter>
  </ItemGroup>
  <ItemGroup>
    <CopyFileToFolders Include="ThirdParty\fmod\Debug\fmodL.dll">
      <Filter>ThirdParty\fmod\Bin\Debug</Filter>
    </CopyFileToFolders>
    <CopyFileToFolders Include="ThirdParty\fmod\Debug\fmodL_vc.lib">
      <Filter>ThirdParty\fmod\Bin\Debug</Filter>
    </CopyFileToFolders>
    <CopyFileToFolders Include="ThirdParty\fmod\Release\fmod.dll">
      <Filter>ThirdParty\fmod\Bin\Release</Filter>
    </CopyFileToFolders>
    <CopyFileToFolders Include="ThirdParty\fmod\Release\fmod_vc.lib">
      <Filter>ThirdParty\fmod\Bin\Release</Filter>
    </CopyFileToFolders>
  </ItemGroup>
</Project>