<?xml version="1.0" encoding="utf-8"?>
<Project ToolsVersion="4.0" xmlns="http://schemas.microsoft.com/developer/msbuild/2003">
  <ItemGroup>
    <ClInclude Include="EngineWindow.h">
      <Filter>Window</Filter>
    </ClInclude>
    <ClInclude Include="PreCompiledFile.h">
      <Filter>PreCompiledFile</Filter>
    </ClInclude>
    <ClInclude Include="EngineInput.h">
      <Filter>Input</Filter>
    </ClInclude>
    <ClInclude Include="EngineWinImage.h" />
    <ClInclude Include="EngineWinDebug.h" />
  </ItemGroup>
  <ItemGroup>
    <ClCompile Include="EngineWindow.cpp">
      <Filter>Window</Filter>
    </ClCompile>
    <ClCompile Include="PreCompiledFile.cpp">
      <Filter>PreCompiledFile</Filter>
    </ClCompile>
    <ClCompile Include="EngineInput.cpp">
      <Filter>Input</Filter>
    </ClCompile>
    <ClCompile Include="EngineWinImage.cpp" />
    <ClCompile Include="EngineWinDebug.cpp" />
  </ItemGroup>
  <ItemGroup>
    <Filter Include="Window">
      <UniqueIdentifier>{1f425b60-e78b-4ee0-99e7-5d594f8cdefb}</UniqueIdentifier>
    </Filter>
    <Filter Include="PreCompiledFile">
      <UniqueIdentifier>{fb4fe314-7e69-44fe-b79c-94907496bb0f}</UniqueIdentifier>
    </Filter>
    <Filter Include="Input">
      <UniqueIdentifier>{bcd0d7d8-78aa-42fc-9e23-2c8f9522c559}</UniqueIdentifier>
    </Filter>
  </ItemGroup>
</Project>