<?xml version="1.0" encoding="utf-8"?>
<Project ToolsVersion="4.0" xmlns="http://schemas.microsoft.com/developer/msbuild/2003">
  <ItemGroup>
    <ClInclude Include="PreCompiledFile.h">
      <Filter>PreCompiledFile</Filter>
    </ClInclude>
    <ClInclude Include="ArkanoidContentsCore.h">
      <Filter>Core</Filter>
    </ClInclude>
    <ClInclude Include="Map_Play.h">
      <Filter>ContentsObject\Map</Filter>
    </ClInclude>
    <ClInclude Include="Paddle.h">
      <Filter>ContentsObject\Play</Filter>
    </ClInclude>
    <ClInclude Include="Brick.h">
      <Filter>ContentsObject\Play</Filter>
    </ClInclude>
    <ClInclude Include="BrickEditor.h">
      <Filter>ContentsObject\Tools</Filter>
    </ClInclude>
    <ClInclude Include="Ball.h">
      <Filter>ContentsObject\Play</Filter>
    </ClInclude>
    <ClInclude Include="ContentsEnum.h">
      <Filter>ContentsObject\Global</Filter>
    </ClInclude>
    <ClInclude Include="TestGameMode.h">
      <Filter>ContentsObject\GameMode</Filter>
    </ClInclude>
    <ClInclude Include="Score.h">
      <Filter>ContentsObject\Global</Filter>
    </ClInclude>
    <ClInclude Include="Map_Die.h">
      <Filter>ContentsObject\Map</Filter>
    </ClInclude>
    <ClInclude Include="DieGameMode.h">
      <Filter>ContentsObject\GameMode</Filter>
    </ClInclude>
    <ClInclude Include="Fade.h">
      <Filter>ContentsObject\Global</Filter>
    </ClInclude>
    <ClInclude Include="BrickEditorGameMode.h">
      <Filter>ContentsObject\GameMode</Filter>
    </ClInclude>
    <ClInclude Include="Map_Bottom.h">
      <Filter>ContentsObject\Map</Filter>
    </ClInclude>
    <ClInclude Include="TmpGameMode.h">
      <Filter>ContentsObject\GameMode</Filter>
    </ClInclude>
    <ClInclude Include="TitleGameMode.h">
      <Filter>ContentsObject\GameMode</Filter>
    </ClInclude>
    <ClInclude Include="Map_Title.h">
      <Filter>ContentsObject\Map</Filter>
    </ClInclude>
    <ClInclude Include="Letter.h">
      <Filter>ContentsObject\Global</Filter>
    </ClInclude>
    <ClInclude Include="UI.h">
      <Filter>ContentsObject\Global</Filter>
    </ClInclude>
  </ItemGroup>
  <ItemGroup>
    <ClCompile Include="PreCompiledFile.cpp">
      <Filter>PreCompiledFile</Filter>
    </ClCompile>
    <ClCompile Include="ArkanoidContentsCore.cpp">
      <Filter>Core</Filter>
    </ClCompile>
    <ClCompile Include="Map_Play.cpp">
      <Filter>ContentsObject\Map</Filter>
    </ClCompile>
    <ClCompile Include="Paddle.cpp">
      <Filter>ContentsObject\Play</Filter>
    </ClCompile>
    <ClCompile Include="Brick.cpp">
      <Filter>ContentsObject\Play</Filter>
    </ClCompile>
    <ClCompile Include="BrickEditor.cpp">
      <Filter>ContentsObject\Tools</Filter>
    </ClCompile>
    <ClCompile Include="Ball.cpp">
      <Filter>ContentsObject\Play</Filter>
    </ClCompile>
    <ClCompile Include="ContentsEnum.cpp">
      <Filter>ContentsObject\Global</Filter>
    </ClCompile>
    <ClCompile Include="TestGameMode.cpp">
      <Filter>ContentsObject\GameMode</Filter>
    </ClCompile>
    <ClCompile Include="Score.cpp">
      <Filter>ContentsObject\Global</Filter>
    </ClCompile>
    <ClCompile Include="Map_Die.cpp">
      <Filter>ContentsObject\Map</Filter>
    </ClCompile>
    <ClCompile Include="DieGameMode.cpp">
      <Filter>ContentsObject\GameMode</Filter>
    </ClCompile>
    <ClCompile Include="Fade.cpp">
      <Filter>ContentsObject\Global</Filter>
    </ClCompile>
    <ClCompile Include="BrickEditorGameMode.cpp">
      <Filter>ContentsObject\GameMode</Filter>
    </ClCompile>
    <ClCompile Include="Map_Bottom.cpp">
      <Filter>ContentsObject\Map</Filter>
    </ClCompile>
    <ClCompile Include="TmpGameMode.cpp">
      <Filter>ContentsObject\GameMode</Filter>
    </ClCompile>
    <ClCompile Include="TitleGameMode.cpp">
      <Filter>ContentsObject\GameMode</Filter>
    </ClCompile>
    <ClCompile Include="Map_Title.cpp">
      <Filter>ContentsObject\Map</Filter>
    </ClCompile>
    <ClCompile Include="Letter.cpp">
      <Filter>ContentsObject\Global</Filter>
    </ClCompile>
    <ClCompile Include="UI.cpp">
      <Filter>ContentsObject\Global</Filter>
    </ClCompile>
  </ItemGroup>
  <ItemGroup>
    <Filter Include="ContentsObject">
      <UniqueIdentifier>{a11097a5-1646-4d86-a81c-712272e26edd}</UniqueIdentifier>
    </Filter>
    <Filter Include="PreCompiledFile">
      <UniqueIdentifier>{fe314114-107b-427a-b36c-54b8ef05a38d}</UniqueIdentifier>
    </Filter>
    <Filter Include="ContentsObject\GameMode">
      <UniqueIdentifier>{f0f40633-3907-4f70-b1d3-e7c2eb6bf4e8}</UniqueIdentifier>
    </Filter>
    <Filter Include="Core">
      <UniqueIdentifier>{77b186b4-a3fb-43c1-84d6-bade0a6ef5ef}</UniqueIdentifier>
    </Filter>
    <Filter Include="ContentsObject\Global">
      <UniqueIdentifier>{f7445582-885d-4d6e-946a-2593ed4a2541}</UniqueIdentifier>
    </Filter>
    <Filter Include="ContentsObject\Map">
      <UniqueIdentifier>{19111cb6-8dab-470b-8893-2d62e68f837a}</UniqueIdentifier>
    </Filter>
    <Filter Include="ContentsObject\Play">
      <UniqueIdentifier>{f6654f5f-ae54-4cb8-a6a6-034ca1f526fb}</UniqueIdentifier>
    </Filter>
    <Filter Include="ContentsObject\Tools">
      <UniqueIdentifier>{bcd63494-c349-462d-ae3f-b153972cbf3c}</UniqueIdentifier>
    </Filter>
  </ItemGroup>
</Project>